<?xml version="1.0" encoding="utf-8"?>
<Project ToolsVersion="4.0" xmlns="http://schemas.microsoft.com/developer/msbuild/2003">
  <ItemGroup>
    <ClCompile Include="Camera.cpp" />
    <ClCompile Include="Core.cpp" />
    <ClCompile Include="Cube.cpp" />
    <ClCompile Include="CubeData.cpp" />
    <ClCompile Include="Input.cpp" />
    <ClCompile Include="main.cpp" />
    <ClCompile Include="Section.cpp" />
    <ClCompile Include="Shaders\ShaderLoader.cpp" />
    <ClCompile Include="Window.cpp" />
    <ClCompile Include="TextureAtlas.cpp" />
  </ItemGroup>
  <ItemGroup>
    <ClInclude Include="Camera.h" />
    <ClInclude Include="Core.h" />
    <ClInclude Include="Cube.h" />
    <ClInclude Include="CubeData.h" />
    <ClInclude Include="Section.h" />
    <ClInclude Include="Input.h" />
    <ClInclude Include="Shaders\ShaderLoader.h" />
    <ClInclude Include="Types.h" />
    <ClInclude Include="Window.h" />
    <ClInclude Include="TextureAtlas.h" />
  </ItemGroup>
  <ItemGroup>
    <None Include="Shaders\FragmentShader.glsl" />
    <None Include="Shaders\VertexShader.glsl" />
  </ItemGroup>
</Project>